
Microsoft Visual Studio Solution File, Format Version 12.00
# Visual Studio Version 16
VisualStudioVersion = 16.0.29806.167
MinimumVisualStudioVersion = 10.0.40219.1
Project("{FAE04EC0-301F-11D3-BF4B-00C04F79EFBC}") = "FaceTraining", "ConsoleApp1\FaceTraining.csproj", "{5DADE2EE-B568-44D8-8A5D-850FCC68D947}"
EndProject
Project("{FAE04EC0-301F-11D3-BF4B-00C04F79EFBC}") = "Helper", "Helper\Helper.csproj", "{D6EC18A0-C6EF-4B52-A9B7-45D0540896E3}"
EndProject
Project("{FAE04EC0-301F-11D3-BF4B-00C04F79EFBC}") = "CognitiveVolareUI", "CognitiveVolareUI\CognitiveVolareUI.csproj", "{9011C9E8-82E4-4C15-8460-15EC0C57048A}"
EndProject
Global
	GlobalSection(SolutionConfigurationPlatforms) = preSolution
		Debug|Any CPU = Debug|Any CPU
		Release|Any CPU = Release|Any CPU
	EndGlobalSection
	GlobalSection(ProjectConfigurationPlatforms) = postSolution
		{5DADE2EE-B568-44D8-8A5D-850FCC68D947}.Debug|Any CPU.ActiveCfg = Debug|Any CPU
		{5DADE2EE-B568-44D8-8A5D-850FCC68D947}.Debug|Any CPU.Build.0 = Debug|Any CPU
		{5DADE2EE-B568-44D8-8A5D-850FCC68D947}.Release|Any CPU.ActiveCfg = Release|Any CPU
		{5DADE2EE-B568-44D8-8A5D-850FCC68D947}.Release|Any CPU.Build.0 = Release|Any CPU
		{D6EC18A0-C6EF-4B52-A9B7-45D0540896E3}.Debug|Any CPU.ActiveCfg = Debug|Any CPU
		{D6EC18A0-C6EF-4B52-A9B7-45D0540896E3}.Debug|Any CPU.Build.0 = Debug|Any CPU
		{D6EC18A0-C6EF-4B52-A9B7-45D0540896E3}.Release|Any CPU.ActiveCfg = Release|Any CPU
		{D6EC18A0-C6EF-4B52-A9B7-45D0540896E3}.Release|Any CPU.Build.0 = Release|Any CPU
		{9011C9E8-82E4-4C15-8460-15EC0C57048A}.Debug|Any CPU.ActiveCfg = Debug|Any CPU
		{9011C9E8-82E4-4C15-8460-15EC0C57048A}.Debug|Any CPU.Build.0 = Debug|Any CPU
		{9011C9E8-82E4-4C15-8460-15EC0C57048A}.Release|Any CPU.ActiveCfg = Release|Any CPU
		{9011C9E8-82E4-4C15-8460-15EC0C57048A}.Release|Any CPU.Build.0 = Release|Any CPU
	EndGlobalSection
	GlobalSection(SolutionProperties) = preSolution
		HideSolutionNode = FALSE
	EndGlobalSection
	GlobalSection(ExtensibilityGlobals) = postSolution
		SolutionGuid = {CBCF4563-8DF8-4686-AA51-6749DBCC72A7}
	EndGlobalSection
EndGlobal
